
Microsoft Visual Studio Solution File, Format Version 12.00
# Visual Studio Version 16
VisualStudioVersion = 16.0.31229.75
MinimumVisualStudioVersion = 10.0.40219.1
Project("{FAE04EC0-301F-11D3-BF4B-00C04F79EFBC}") = "Superposition", "Superposition\Superposition.csproj", "{EC419B47-D688-471B-AC73-81EE0F7A16FD}"
EndProject
Global
	GlobalSection(SolutionConfigurationPlatforms) = preSolution
		Debug|Any CPU = Debug|Any CPU
		Release|Any CPU = Release|Any CPU
	EndGlobalSection
	GlobalSection(ProjectConfigurationPlatforms) = postSolution
		{EC419B47-D688-471B-AC73-81EE0F7A16FD}.Debug|Any CPU.ActiveCfg = Debug|Any CPU
		{EC419B47-D688-471B-AC73-81EE0F7A16FD}.Debug|Any CPU.Build.0 = Debug|Any CPU
		{EC419B47-D688-471B-AC73-81EE0F7A16FD}.Release|Any CPU.ActiveCfg = Release|Any CPU
		{EC419B47-D688-471B-AC73-81EE0F7A16FD}.Release|Any CPU.Build.0 = Release|Any CPU
	EndGlobalSection
	GlobalSection(SolutionProperties) = preSolution
		HideSolutionNode = FALSE
	EndGlobalSection
	GlobalSection(ExtensibilityGlobals) = postSolution
		SolutionGuid = {19D3BDEC-F626-4FCB-93DA-5BD46F6D3E89}
	EndGlobalSection
EndGlobal
