
Microsoft Visual Studio Solution File, Format Version 12.00
# Visual Studio Version 16
VisualStudioVersion = 16.0.31515.178
MinimumVisualStudioVersion = 10.0.40219.1
Project("{FAE04EC0-301F-11D3-BF4B-00C04F79EFBC}") = "AccountWithdraw", "AccountWithdraw.csproj", "{B496261E-306F-4275-883F-B9BF611A245E}"
EndProject
Global
	GlobalSection(SolutionConfigurationPlatforms) = preSolution
		Debug|Any CPU = Debug|Any CPU
		Release|Any CPU = Release|Any CPU
	EndGlobalSection
	GlobalSection(ProjectConfigurationPlatforms) = postSolution
		{B496261E-306F-4275-883F-B9BF611A245E}.Debug|Any CPU.ActiveCfg = Debug|Any CPU
		{B496261E-306F-4275-883F-B9BF611A245E}.Debug|Any CPU.Build.0 = Debug|Any CPU
		{B496261E-306F-4275-883F-B9BF611A245E}.Release|Any CPU.ActiveCfg = Release|Any CPU
		{B496261E-306F-4275-883F-B9BF611A245E}.Release|Any CPU.Build.0 = Release|Any CPU
	EndGlobalSection
	GlobalSection(SolutionProperties) = preSolution
		HideSolutionNode = FALSE
	EndGlobalSection
	GlobalSection(ExtensibilityGlobals) = postSolution
		SolutionGuid = {A73AE26C-2BC7-4FF1-9D77-B228671656C3}
	EndGlobalSection
EndGlobal
